PODS:
  - Flutter (1.0.0)
  - HyperTrack/Objective-C (4.7.0)
  - hypertrack_plugin (0.1.6):
    - Flutter
    - HyperTrack/Objective-C (= 4.7.0)

DEPENDENCIES:
  - Flutter (from `Flutter`)
  - hypertrack_plugin (from `.symlinks/plugins/hypertrack_plugin/ios`)

SPEC REPOS:
  trunk:
    - HyperTrack

EXTERNAL SOURCES:
  Flutter:
    :path: Flutter
  hypertrack_plugin:
    :path: ".symlinks/plugins/hypertrack_plugin/ios"

SPEC CHECKSUMS:
  Flutter: 0e3d915762c693b495b44d77113d4970485de6ec
  HyperTrack: ad630d0ece08ccaad6050847d8c48cb27eb0c3de
  hypertrack_plugin: 252550d8ef97c768e318c1300b6114acb7b26044

PODFILE CHECKSUM: aafe91acc616949ddb318b77800a7f51bffa2a4c

COCOAPODS: 1.10.0
