PODS:
  - Flutter (1.0.0)
  - HyperTrack/Objective-C (4.6.0)
  - hypertrack_plugin (0.1.4):
    - Flutter
    - HyperTrack/Objective-C (= 4.6.0)

DEPENDENCIES:
  - Flutter (from `Flutter`)
  - hypertrack_plugin (from `.symlinks/plugins/hypertrack_plugin/ios`)

SPEC REPOS:
  trunk:
    - HyperTrack

EXTERNAL SOURCES:
  Flutter:
    :path: Flutter
  hypertrack_plugin:
    :path: ".symlinks/plugins/hypertrack_plugin/ios"

SPEC CHECKSUMS:
  Flutter: 0e3d915762c693b495b44d77113d4970485de6ec
  HyperTrack: 7348ec6feb266c7909496ea59602ac4ad78b972b
  hypertrack_plugin: 92a0444707f6bed5bc164da434daeb5e42ff73f0

PODFILE CHECKSUM: aafe91acc616949ddb318b77800a7f51bffa2a4c

COCOAPODS: 1.10.0
